# This file is automatically @generated by Cargo.
# It is not intended for manual editing.
version = 3

[[package]]
name = "libatomic"
version = "0.1.0"
dependencies = [
 "portable-compiler-intrinsics",
]

[[package]]
name = "libsfp"
version = "0.1.0"
dependencies = [
 "portable-compiler-intrinsics",
]

[[package]]
name = "portable-compiler-intrinsics"
version = "0.1.0"
